// !$*UTF8*$!
{
	archiveVersion = 1;
	classes = {
	};
	objectVersion = 50;
	objects = {

/* Begin PBXBuildFile section */
		828956E5250916F700BD6E97 /* AppDelegate.m in Sources */ = {isa = PBXBuildFile; fileRef = 828956E4250916F700BD6E97 /* AppDelegate.m */; };
		828956E8250916F700BD6E97 /* SceneDelegate.m in Sources */ = {isa = PBXBuildFile; fileRef = 828956E7250916F700BD6E97 /* SceneDelegate.m */; };
		828956EB250916F700BD6E97 /* ViewController.m in Sources */ = {isa = PBXBuildFile; fileRef = 828956EA250916F700BD6E97 /* ViewController.m */; };
		828956EE250916F700BD6E97 /* Main.storyboard in Resources */ = {isa = PBXBuildFile; fileRef = 828956EC250916F700BD6E97 /* Main.storyboard */; };
		828956F0250916F800BD6E97 /* Assets.xcassets in Resources */ = {isa = PBXBuildFile; fileRef = 828956EF250916F800BD6E97 /* Assets.xcassets */; };
		828956F3250916F800BD6E97 /* LaunchScreen.storyboard in Resources */ = {isa = PBXBuildFile; fileRef = 828956F1250916F800BD6E97 /* LaunchScreen.storyboard */; };
		828956F6250916F800BD6E97 /* main.m in Sources */ = {isa = PBXBuildFile; fileRef = 828956F5250916F800BD6E97 /* main.m */; };
		B3BE7511A120D546D458A183 /* Pods_TestLibExample.framework in Frameworks */ = {isa = PBXBuildFile; fileRef = C774D291EBCDFE4205B36303 /* Pods_TestLibExample.framework */; };
/* End PBXBuildFile section */

/* Begin PBXFileReference section */
		5386186D4047B616C4490E32 /* Pods-TestLibExample.debug.xcconfig */ = {isa = PBXFileReference; includeInIndex = 1; lastKnownFileType = text.xcconfig; name = "Pods-TestLibExample.debug.xcconfig"; path = "Target Support Files/Pods-TestLibExample/Pods-TestLibExample.debug.xcconfig"; sourceTree = "<group>"; };
		6C2B25236070D4E23CE612B7 /* Pods-TestLibExample.release.xcconfig */ = {isa = PBXFileReference; includeInIndex = 1; lastKnownFileType = text.xcconfig; name = "Pods-TestLibExample.release.xcconfig"; path = "Target Support Files/Pods-TestLibExample/Pods-TestLibExample.release.xcconfig"; sourceTree = "<group>"; };
		828956E0250916F700BD6E97 /* TestLibExample.app */ = {isa = PBXFileReference; explicitFileType = wrapper.application; includeInIndex = 0; path = TestLibExample.app; sourceTree = BUILT_PRODUCTS_DIR; };
		828956E3250916F700BD6E97 /* AppDelegate.h */ = {isa = PBXFileReference; lastKnownFileType = sourcecode.c.h; path = AppDelegate.h; sourceTree = "<group>"; };
		828956E4250916F700BD6E97 /* AppDelegate.m */ = {isa = PBXFileReference; lastKnownFileType = sourcecode.c.objc; path = AppDelegate.m; sourceTree = "<group>"; };
		828956E6250916F700BD6E97 /* SceneDelegate.h */ = {isa = PBXFileReference; lastKnownFileType = sourcecode.c.h; path = SceneDelegate.h; sourceTree = "<group>"; };
		828956E7250916F700BD6E97 /* SceneDelegate.m */ = {isa = PBXFileReference; lastKnownFileType = sourcecode.c.objc; path = SceneDelegate.m; sourceTree = "<group>"; };
		828956E9250916F700BD6E97 /* ViewController.h */ = {isa = PBXFileReference; lastKnownFileType = sourcecode.c.h; path = ViewController.h; sourceTree = "<group>"; };
		828956EA250916F700BD6E97 /* ViewController.m */ = {isa = PBXFileReference; lastKnownFileType = sourcecode.c.objc; path = ViewController.m; sourceTree = "<group>"; };
		828956ED250916F700BD6E97 /* Base */ = {isa = PBXFileReference; lastKnownFileType = file.storyboard; name = Base; path = Base.lproj/Main.storyboard; sourceTree = "<group>"; };
		828956EF250916F800BD6E97 /* Assets.xcassets */ = {isa = PBXFileReference; lastKnownFileType = folder.assetcatalog; path = Assets.xcassets; sourceTree = "<group>"; };
		828956F2250916F800BD6E97 /* Base */ = {isa = PBXFileReference; lastKnownFileType = file.storyboard; name = Base; path = Base.lproj/LaunchScreen.storyboard; sourceTree = "<group>"; };
		828956F4250916F800BD6E97 /* Info.plist */ = {isa = PBXFileReference; lastKnownFileType = text.plist.xml; path = Info.plist; sourceTree = "<group>"; };
		828956F5250916F800BD6E97 /* main.m */ = {isa = PBXFileReference; lastKnownFileType = sourcecode.c.objc; path = main.m; sourceTree = "<group>"; };
		C774D291EBCDFE4205B36303 /* Pods_TestLibExample.framework */ = {isa = PBXFileReference; explicitFileType = wrapper.framework; includeInIndex = 0; path = Pods_TestLibExample.framework; sourceTree = BUILT_PRODUCTS_DIR; };
/* End PBXFileReference section */

/* Begin PBXFrameworksBuildPhase section */
		828956DD250916F700BD6E97 /* Frameworks */ = {
			isa = PBXFrameworksBuildPhase;
			buildActionMask = 2147483647;
			files = (
				B3BE7511A120D546D458A183 /* Pods_TestLibExample.framework in Frameworks */,
			);
			runOnlyForDeploymentPostprocessing = 0;
		};
/* End PBXFrameworksBuildPhase section */

/* Begin PBXGroup section */
		0773704A9D6610C9AD4A19B2 /* Pods */ = {
			isa = PBXGroup;
			children = (
				5386186D4047B616C4490E32 /* Pods-TestLibExample.debug.xcconfig */,
				6C2B25236070D4E23CE612B7 /* Pods-TestLibExample.release.xcconfig */,
			);
			name = Pods;
			path = Pods;
			sourceTree = "<group>";
		};
		828956D7250916F700BD6E97 = {
			isa = PBXGroup;
			children = (
				828956E2250916F700BD6E97 /* TestLibExample */,
				828956E1250916F700BD6E97 /* Products */,
				0773704A9D6610C9AD4A19B2 /* Pods */,
				A8FD2229D29165362B7D03E1 /* Frameworks */,
			);
			sourceTree = "<group>";
		};
		828956E1250916F700BD6E97 /* Products */ = {
			isa = PBXGroup;
			children = (
				828956E0250916F700BD6E97 /* TestLibExample.app */,
			);
			name = Products;
			sourceTree = "<group>";
		};
		828956E2250916F700BD6E97 /* TestLibExample */ = {
			isa = PBXGroup;
			children = (
				828956E3250916F700BD6E97 /* AppDelegate.h */,
				828956E4250916F700BD6E97 /* AppDelegate.m */,
				828956E6250916F700BD6E97 /* SceneDelegate.h */,
				828956E7250916F700BD6E97 /* SceneDelegate.m */,
				828956E9250916F700BD6E97 /* ViewController.h */,
				828956EA250916F700BD6E97 /* ViewController.m */,
				828956EC250916F700BD6E97 /* Main.storyboard */,
				828956EF250916F800BD6E97 /* Assets.xcassets */,
				828956F1250916F800BD6E97 /* LaunchScreen.storyboard */,
				828956F4250916F800BD6E97 /* Info.plist */,
				828956F5250916F800BD6E97 /* main.m */,
			);
			path = TestLibExample;
			sourceTree = "<group>";
		};
		A8FD2229D29165362B7D03E1 /* Frameworks */ = {
			isa = PBXGroup;
			children = (
				C774D291EBCDFE4205B36303 /* Pods_TestLibExample.framework */,
			);
			name = Frameworks;
			sourceTree = "<group>";
		};
/* End PBXGroup section */

/* Begin PBXNativeTarget section */
		828956DF250916F700BD6E97 /* TestLibExample */ = {
			isa = PBXNativeTarget;
			buildConfigurationList = 828956F9250916F800BD6E97 /* Build configuration list for PBXNativeTarget "TestLibExample" */;
			buildPhases = (
				66AF222B7086FE25B753F430 /* [CP] Check Pods Manifest.lock */,
				828956DC250916F700BD6E97 /* Sources */,
				828956DD250916F700BD6E97 /* Frameworks */,
				828956DE250916F700BD6E97 /* Resources */,
				75E016B14BF23437B478492A /* [CP] Embed Pods Frameworks */,
			);
			buildRules = (
			);
			dependencies = (
			);
			name = TestLibExample;
			productName = TestLibExample;
			productReference = 828956E0250916F700BD6E97 /* TestLibExample.app */;
			productType = "com.apple.product-type.application";
		};
/* End PBXNativeTarget section */

/* Begin PBXProject section */
		828956D8250916F700BD6E97 /* Project object */ = {
			isa = PBXProject;
			attributes = {
				LastUpgradeCheck = 1130;
				ORGANIZATIONNAME = com.nk;
				TargetAttributes = {
					828956DF250916F700BD6E97 = {
						CreatedOnToolsVersion = 11.3;
					};
				};
			};
			buildConfigurationList = 828956DB250916F700BD6E97 /* Build configuration list for PBXProject "TestLibExample" */;
			compatibilityVersion = "Xcode 9.3";
			developmentRegion = en;
			hasScannedForEncodings = 0;
			knownRegions = (
				en,
				Base,
			);
			mainGroup = 828956D7250916F700BD6E97;
			productRefGroup = 828956E1250916F700BD6E97 /* Products */;
			projectDirPath = "";
			projectRoot = "";
			targets = (
				828956DF250916F700BD6E97 /* TestLibExample */,
			);
		};
/* End PBXProject section */

/* Begin PBXResourcesBuildPhase section */
		828956DE250916F700BD6E97 /* Resources */ = {
			isa = PBXResourcesBuildPhase;
			buildActionMask = 2147483647;
			files = (
				828956F3250916F800BD6E97 /* LaunchScreen.storyboard in Resources */,
				828956F0250916F800BD6E97 /* Assets.xcassets in Resources */,
				828956EE250916F700BD6E97 /* Main.storyboard in Resources */,
			);
			runOnlyForDeploymentPostprocessing = 0;
		};
/* End PBXResourcesBuildPhase section */

/* Begin PBXShellScriptBuildPhase section */
		66AF222B7086FE25B753F430 /* [CP] Check Pods Manifest.lock */ = {
			isa = PBXShellScriptBuildPhase;
			buildActionMask = 2147483647;
			files = (
			);
			inputFileListPaths = (
			);
			inputPaths = (
				"${PODS_PODFILE_DIR_PATH}/Podfile.lock",
				"${PODS_ROOT}/Manifest.lock",
			);
			name = "[CP] Check Pods Manifest.lock";
			outputFileListPaths = (
			);
			outputPaths = (
				"$(DERIVED_FILE_DIR)/Pods-TestLibExample-checkManifestLockResult.txt",
			);
			runOnlyForDeploymentPostprocessing = 0;
			shellPath = /bin/sh;
			shellScript = "diff \"${PODS_PODFILE_DIR_PATH}/Podfile.lock\" \"${PODS_ROOT}/Manifest.lock\" > /dev/null\nif [ $? != 0 ] ; then\n    # print error to STDERR\n    echo \"error: The sandbox is not in sync with the Podfile.lock. Run 'pod install' or update your CocoaPods installation.\" >&2\n    exit 1\nfi\n# This output is used by Xcode 'outputs' to avoid re-running this script phase.\necho \"SUCCESS\" > \"${SCRIPT_OUTPUT_FILE_0}\"\n";
			showEnvVarsInLog = 0;
		};
		75E016B14BF23437B478492A /* [CP] Embed Pods Frameworks */ = {
			isa = PBXShellScriptBuildPhase;
			buildActionMask = 2147483647;
			files = (
			);
			inputFileListPaths = (
				"${PODS_ROOT}/Target Support Files/Pods-TestLibExample/Pods-TestLibExample-frameworks-${CONFIGURATION}-input-files.xcfilelist",
			);
			name = "[CP] Embed Pods Frameworks";
			outputFileListPaths = (
				"${PODS_ROOT}/Target Support Files/Pods-TestLibExample/Pods-TestLibExample-frameworks-${CONFIGURATION}-output-files.xcfilelist",
			);
			runOnlyForDeploymentPostprocessing = 0;
			shellPath = /bin/sh;
			shellScript = "\"${PODS_ROOT}/Target Support Files/Pods-TestLibExample/Pods-TestLibExample-frameworks.sh\"\n";
			showEnvVarsInLog = 0;
		};
/* End PBXShellScriptBuildPhase section */

/* Begin PBXSourcesBuildPhase section */
		828956DC250916F700BD6E97 /* Sources */ = {
			isa = PBXSourcesBuildPhase;
			buildActionMask = 2147483647;
			files = (
				828956EB250916F700BD6E97 /* ViewController.m in Sources */,
				828956E5250916F700BD6E97 /* AppDelegate.m in Sources */,
				828956F6250916F800BD6E97 /* main.m in Sources */,
				828956E8250916F700BD6E97 /* SceneDelegate.m in Sources */,
			);
			runOnlyForDeploymentPostprocessing = 0;
		};
/* End PBXSourcesBuildPhase section */

/* Begin PBXVariantGroup section */
		828956EC250916F700BD6E97 /* Main.storyboard */ = {
			isa = PBXVariantGroup;
			children = (
				828956ED250916F700BD6E97 /* Base */,
			);
			name = Main.storyboard;
			sourceTree = "<group>";
		};
		828956F1250916F800BD6E97 /* LaunchScreen.storyboard */ = {
			isa = PBXVariantGroup;
			children = (
				828956F2250916F800BD6E97 /* Base */,
			);
			name = LaunchScreen.storyboard;
			sourceTree = "<group>";
		};
/* End PBXVariantGroup section */

/* Begin XCBuildConfiguration section */
		828956F7250916F800BD6E97 /* Debug */ = {
			isa = XCBuildConfiguration;
			buildSettings = {
				ALWAYS_SEARCH_USER_PATHS = NO;
				CLANG_ANALYZER_NONNULL = YES;
				CLANG_ANALYZER_NUMBER_OBJECT_CONVERSION = YES_AGGRESSIVE;
				CLANG_CXX_LANGUAGE_STANDARD = "gnu++14";
				CLANG_CXX_LIBRARY = "libc++";
				CLANG_ENABLE_MODULES = YES;
				CLANG_ENABLE_OBJC_ARC = YES;
				CLANG_ENABLE_OBJC_WEAK = YES;
				CLANG_WARN_BLOCK_CAPTURE_AUTORELEASING = YES;
				CLANG_WARN_BOOL_CONVERSION = YES;
				CLANG_WARN_COMMA = YES;
				CLANG_WARN_CONSTANT_CONVERSION = YES;
				CLANG_WARN_DEPRECATED_OBJC_IMPLEMENTATIONS = YES;
				CLANG_WARN_DIRECT_OBJC_ISA_USAGE = YES_ERROR;
				CLANG_WARN_DOCUMENTATION_COMMENTS = YES;
				CLANG_WARN_EMPTY_BODY = YES;
				CLANG_WARN_ENUM_CONVERSION = YES;
				CLANG_WARN_INFINITE_RECURSION = YES;
				CLANG_WARN_INT_CONVERSION = YES;
				CLANG_WARN_NON_LITERAL_NULL_CONVERSION = YES;
				CLANG_WARN_OBJC_IMPLICIT_RETAIN_SELF = YES;
				CLANG_WARN_OBJC_LITERAL_CONVERSION = YES;
				CLANG_WARN_OBJC_ROOT_CLASS = YES_ERROR;
				CLANG_WARN_RANGE_LOOP_ANALYSIS = YES;
				CLANG_WARN_STRICT_PROTOTYPES = YES;
				CLANG_WARN_SUSPICIOUS_MOVE = YES;
				CLANG_WARN_UNGUARDED_AVAILABILITY = YES_AGGRESSIVE;
				CLANG_WARN_UNREACHABLE_CODE = YES;
				CLANG_WARN__DUPLICATE_METHOD_MATCH = YES;
				COPY_PHASE_STRIP = NO;
				DEBUG_INFORMATION_FORMAT = dwarf;
				ENABLE_STRICT_OBJC_MSGSEND = YES;
				ENABLE_TESTABILITY = YES;
				GCC_C_LANGUAGE_STANDARD = gnu11;
				GCC_DYNAMIC_NO_PIC = NO;
				GCC_NO_COMMON_BLOCKS = YES;
				GCC_OPTIMIZATION_LEVEL = 0;
				GCC_PREPROCESSOR_DEFINITIONS = (
					"DEBUG=1",
					"$(inherited)",
				);
				GCC_WARN_64_TO_32_BIT_CONVERSION = YES;
				GCC_WARN_ABOUT_RETURN_TYPE = YES_ERROR;
				GCC_WARN_UNDECLARED_SELECTOR = YES;
				GCC_WARN_UNINITIALIZED_AUTOS = YES_AGGRESSIVE;
				GCC_WARN_UNUSED_FUNCTION = YES;
				GCC_WARN_UNUSED_VARIABLE = YES;
				IPHONEOS_DEPLOYMENT_TARGET = 13.2;
				MTL_ENABLE_DEBUG_INFO = INCLUDE_SOURCE;
				MTL_FAST_MATH = YES;
				ONLY_ACTIVE_ARCH = YES;
				SDKROOT = iphoneos;
			};
			name = Debug;
		};
		828956F8250916F800BD6E97 /* Release */ = {
			isa = XCBuildConfiguration;
			buildSettings = {
				ALWAYS_SEARCH_USER_PATHS = NO;
				CLANG_ANALYZER_NONNULL = YES;
				CLANG_ANALYZER_NUMBER_OBJECT_CONVERSION = YES_AGGRESSIVE;
				CLANG_CXX_LANGUAGE_STANDARD = "gnu++14";
				CLANG_CXX_LIBRARY = "libc++";
				CLANG_ENABLE_MODULES = YES;
				CLANG_ENABLE_OBJC_ARC = YES;
				CLANG_ENABLE_OBJC_WEAK = YES;
				CLANG_WARN_BLOCK_CAPTURE_AUTORELEASING = YES;
				CLANG_WARN_BOOL_CONVERSION = YES;
				CLANG_WARN_COMMA = YES;
				CLANG_WARN_CONSTANT_CONVERSION = YES;
				CLANG_WARN_DEPRECATED_OBJC_IMPLEMENTATIONS = YES;
				CLANG_WARN_DIRECT_OBJC_ISA_USAGE = YES_ERROR;
				CLANG_WARN_DOCUMENTATION_COMMENTS = YES;
				CLANG_WARN_EMPTY_BODY = YES;
				CLANG_WARN_ENUM_CONVERSION = YES;
				CLANG_WARN_INFINITE_RECURSION = YES;
				CLANG_WARN_INT_CONVERSION = YES;
				CLANG_WARN_NON_LITERAL_NULL_CONVERSION = YES;
				CLANG_WARN_OBJC_IMPLICIT_RETAIN_SELF = YES;
				CLANG_WARN_OBJC_LITERAL_CONVERSION = YES;
				CLANG_WARN_OBJC_ROOT_CLASS = YES_ERROR;
				CLANG_WARN_RANGE_LOOP_ANALYSIS = YES;
				CLANG_WARN_STRICT_PROTOTYPES = YES;
				CLANG_WARN_SUSPICIOUS_MOVE = YES;
				CLANG_WARN_UNGUARDED_AVAILABILITY = YES_AGGRESSIVE;
				CLANG_WARN_UNREACHABLE_CODE = YES;
				CLANG_WARN__DUPLICATE_METHOD_MATCH = YES;
				COPY_PHASE_STRIP = NO;
				DEBUG_INFORMATION_FORMAT = "dwarf-with-dsym";
				ENABLE_NS_ASSERTIONS = NO;
				ENABLE_STRICT_OBJC_MSGSEND = YES;
				GCC_C_LANGUAGE_STANDARD = gnu11;
				GCC_NO_COMMON_BLOCKS = YES;
				GCC_WARN_64_TO_32_BIT_CONVERSION = YES;
				GCC_WARN_ABOUT_RETURN_TYPE = YES_ERROR;
				GCC_WARN_UNDECLARED_SELECTOR = YES;
				GCC_WARN_UNINITIALIZED_AUTOS = YES_AGGRESSIVE;
				GCC_WARN_UNUSED_FUNCTION = YES;
				GCC_WARN_UNUSED_VARIABLE = YES;
				IPHONEOS_DEPLOYMENT_TARGET = 13.2;
				MTL_ENABLE_DEBUG_INFO = NO;
				MTL_FAST_MATH = YES;
				SDKROOT = iphoneos;
				VALIDATE_PRODUCT = YES;
			};
			name = Release;
		};
		828956FA250916F800BD6E97 /* Debug */ = {
			isa = XCBuildConfiguration;
			baseConfigurationReference = 5386186D4047B616C4490E32 /* Pods-TestLibExample.debug.xcconfig */;
			buildSettings = {
				ASSETCATALOG_COMPILER_APPICON_NAME = AppIcon;
				CODE_SIGN_STYLE = Automatic;
				INFOPLIST_FILE = TestLibExample/Info.plist;
				LD_RUNPATH_SEARCH_PATHS = (
					"$(inherited)",
					"@executable_path/Frameworks",
				);
				PRODUCT_BUNDLE_IDENTIFIER = com.nk.TestLibExample;
				PRODUCT_NAME = "$(TARGET_NAME)";
				TARGETED_DEVICE_FAMILY = "1,2";
			};
			name = Debug;
		};
		828956FB250916F800BD6E97 /* Release */ = {
			isa = XCBuildConfiguration;
			baseConfigurationReference = 6C2B25236070D4E23CE612B7 /* Pods-TestLibExample.release.xcconfig */;
			buildSettings = {
				ASSETCATALOG_COMPILER_APPICON_NAME = AppIcon;
				CODE_SIGN_STYLE = Automatic;
				INFOPLIST_FILE = TestLibExample/Info.plist;
				LD_RUNPATH_SEARCH_PATHS = (
					"$(inherited)",
					"@executable_path/Frameworks",
				);
				PRODUCT_BUNDLE_IDENTIFIER = com.nk.TestLibExample;
				PRODUCT_NAME = "$(TARGET_NAME)";
				TARGETED_DEVICE_FAMILY = "1,2";
			};
			name = Release;
		};
/* End XCBuildConfiguration section */

/* Begin XCConfigurationList section */
		828956DB250916F700BD6E97 /* Build configuration list for PBXProject "TestLibExample" */ = {
			isa = XCConfigurationList;
			buildConfigurations = (
				828956F7250916F800BD6E97 /* Debug */,
				828956F8250916F800BD6E97 /* Release */,
			);
			defaultConfigurationIsVisible = 0;
			defaultConfigurationName = Release;
		};
		828956F9250916F800BD6E97 /* Build configuration list for PBXNativeTarget "TestLibExample" */ = {
			isa = XCConfigurationList;
			buildConfigurations = (
				828956FA250916F800BD6E97 /* Debug */,
				828956FB250916F800BD6E97 /* Release */,
			);
			defaultConfigurationIsVisible = 0;
			defaultConfigurationName = Release;
		};
/* End XCConfigurationList section */
	};
	rootObject = 828956D8250916F700BD6E97 /* Project object */;
}
